
Microsoft Visual Studio Solution File, Format Version 12.00
# Visual Studio 2013
VisualStudioVersion = 12.0.30723.0
MinimumVisualStudioVersion = 10.0.40219.1
Project("{FAE04EC0-301F-11D3-BF4B-00C04F79EFBC}") = "Lib", "Lib\Lib.csproj", "{5DF45A14-FE7E-4DB4-80BE-6BC110C5A115}"
EndProject
Project("{FAE04EC0-301F-11D3-BF4B-00C04F79EFBC}") = "Service", "Service\Service.csproj", "{BB177C38-292E-4BAE-80EA-068941A029A0}"
EndProject
Project("{FAE04EC0-301F-11D3-BF4B-00C04F79EFBC}") = "Data", "Data\Data.csproj", "{8E9EDF25-3BC7-4CAC-987F-566C9B271056}"
EndProject
Project("{FAE04EC0-301F-11D3-BF4B-00C04F79EFBC}") = "Website", "Website\Website.csproj", "{A89C5E70-FD72-4BC3-B2D7-D8DE8DC73F4F}"
EndProject
Global
	GlobalSection(SolutionConfigurationPlatforms) = preSolution
		Debug|Any CPU = Debug|Any CPU
		Release|Any CPU = Release|Any CPU
	EndGlobalSection
	GlobalSection(ProjectConfigurationPlatforms) = postSolution
		{5DF45A14-FE7E-4DB4-80BE-6BC110C5A115}.Debug|Any CPU.ActiveCfg = Debug|Any CPU
		{5DF45A14-FE7E-4DB4-80BE-6BC110C5A115}.Debug|Any CPU.Build.0 = Debug|Any CPU
		{5DF45A14-FE7E-4DB4-80BE-6BC110C5A115}.Release|Any CPU.ActiveCfg = Release|Any CPU
		{5DF45A14-FE7E-4DB4-80BE-6BC110C5A115}.Release|Any CPU.Build.0 = Release|Any CPU
		{BB177C38-292E-4BAE-80EA-068941A029A0}.Debug|Any CPU.ActiveCfg = Debug|Any CPU
		{BB177C38-292E-4BAE-80EA-068941A029A0}.Debug|Any CPU.Build.0 = Debug|Any CPU
		{BB177C38-292E-4BAE-80EA-068941A029A0}.Release|Any CPU.ActiveCfg = Release|Any CPU
		{BB177C38-292E-4BAE-80EA-068941A029A0}.Release|Any CPU.Build.0 = Release|Any CPU
		{8E9EDF25-3BC7-4CAC-987F-566C9B271056}.Debug|Any CPU.ActiveCfg = Debug|Any CPU
		{8E9EDF25-3BC7-4CAC-987F-566C9B271056}.Debug|Any CPU.Build.0 = Debug|Any CPU
		{8E9EDF25-3BC7-4CAC-987F-566C9B271056}.Release|Any CPU.ActiveCfg = Release|Any CPU
		{8E9EDF25-3BC7-4CAC-987F-566C9B271056}.Release|Any CPU.Build.0 = Release|Any CPU
		{A89C5E70-FD72-4BC3-B2D7-D8DE8DC73F4F}.Debug|Any CPU.ActiveCfg = Debug|Any CPU
		{A89C5E70-FD72-4BC3-B2D7-D8DE8DC73F4F}.Debug|Any CPU.Build.0 = Debug|Any CPU
		{A89C5E70-FD72-4BC3-B2D7-D8DE8DC73F4F}.Release|Any CPU.ActiveCfg = Release|Any CPU
		{A89C5E70-FD72-4BC3-B2D7-D8DE8DC73F4F}.Release|Any CPU.Build.0 = Release|Any CPU
	EndGlobalSection
	GlobalSection(SolutionProperties) = preSolution
		HideSolutionNode = FALSE
	EndGlobalSection
EndGlobal
